
Microsoft Visual Studio Solution File, Format Version 12.00
# Visual Studio 15
VisualStudioVersion = 15.0.26228.9
MinimumVisualStudioVersion = 10.0.40219.1
Project("{FAE04EC0-301F-11D3-BF4B-00C04F79EFBC}") = "SOSdesaparecidos.Android", "SOSdesaparecidos\SOSdesaparecidos.Android\SOSdesaparecidos.Android.csproj", "{BB1B2B85-F0A1-492B-990F-561FA9D7BCF2}"
EndProject
Project("{FAE04EC0-301F-11D3-BF4B-00C04F79EFBC}") = "SOSdesaparecidos", "SOSdesaparecidos\SOSdesaparecidos\SOSdesaparecidos.csproj", "{149372BC-D4B1-418B-834B-6AAFFBF87B25}"
EndProject
Project("{FAE04EC0-301F-11D3-BF4B-00C04F79EFBC}") = "SOSdesaparecidos.UWP", "SOSdesaparecidos\SOSdesaparecidos.UWP\SOSdesaparecidos.UWP.csproj", "{CC4BEC4A-190C-4789-A923-C0A95EE06949}"
EndProject
Project("{FAE04EC0-301F-11D3-BF4B-00C04F79EFBC}") = "SOSdesaparecidos.iOS", "SOSdesaparecidos\SOSdesaparecidos.iOS\SOSdesaparecidos.iOS.csproj", "{1E19497A-D5D2-47A9-8888-E9666737AB01}"
EndProject
Global
	GlobalSection(SolutionConfigurationPlatforms) = preSolution
		Ad-Hoc|Any CPU = Ad-Hoc|Any CPU
		Ad-Hoc|ARM = Ad-Hoc|ARM
		Ad-Hoc|iPhone = Ad-Hoc|iPhone
		Ad-Hoc|iPhoneSimulator = Ad-Hoc|iPhoneSimulator
		Ad-Hoc|x64 = Ad-Hoc|x64
		Ad-Hoc|x86 = Ad-Hoc|x86
		AppStore|Any CPU = AppStore|Any CPU
		AppStore|ARM = AppStore|ARM
		AppStore|iPhone = AppStore|iPhone
		AppStore|iPhoneSimulator = AppStore|iPhoneSimulator
		AppStore|x64 = AppStore|x64
		AppStore|x86 = AppStore|x86
		Debug|Any CPU = Debug|Any CPU
		Debug|ARM = Debug|ARM
		Debug|iPhone = Debug|iPhone
		Debug|iPhoneSimulator = Debug|iPhoneSimulator
		Debug|x64 = Debug|x64
		Debug|x86 = Debug|x86
		Release|Any CPU = Release|Any CPU
		Release|ARM = Release|ARM
		Release|iPhone = Release|iPhone
		Release|iPhoneSimulator = Release|iPhoneSimulator
		Release|x64 = Release|x64
		Release|x86 = Release|x86
	EndGlobalSection
	GlobalSection(ProjectConfigurationPlatforms) = postSolution
		{BB1B2B85-F0A1-492B-990F-561FA9D7BCF2}.Ad-Hoc|Any CPU.ActiveCfg = Release|Any CPU
		{BB1B2B85-F0A1-492B-990F-561FA9D7BCF2}.Ad-Hoc|Any CPU.Build.0 = Release|Any CPU
		{BB1B2B85-F0A1-492B-990F-561FA9D7BCF2}.Ad-Hoc|Any CPU.Deploy.0 = Release|Any CPU
		{BB1B2B85-F0A1-492B-990F-561FA9D7BCF2}.Ad-Hoc|ARM.ActiveCfg = Release|Any CPU
		{BB1B2B85-F0A1-492B-990F-561FA9D7BCF2}.Ad-Hoc|ARM.Build.0 = Release|Any CPU
		{BB1B2B85-F0A1-492B-990F-561FA9D7BCF2}.Ad-Hoc|ARM.Deploy.0 = Release|Any CPU
		{BB1B2B85-F0A1-492B-990F-561FA9D7BCF2}.Ad-Hoc|iPhone.ActiveCfg = Release|Any CPU
		{BB1B2B85-F0A1-492B-990F-561FA9D7BCF2}.Ad-Hoc|iPhone.Build.0 = Release|Any CPU
		{BB1B2B85-F0A1-492B-990F-561FA9D7BCF2}.Ad-Hoc|iPhone.Deploy.0 = Release|Any CPU
		{BB1B2B85-F0A1-492B-990F-561FA9D7BCF2}.Ad-Hoc|iPhoneSimulator.ActiveCfg = Release|Any CPU
		{BB1B2B85-F0A1-492B-990F-561FA9D7BCF2}.Ad-Hoc|iPhoneSimulator.Build.0 = Release|Any CPU
		{BB1B2B85-F0A1-492B-990F-561FA9D7BCF2}.Ad-Hoc|iPhoneSimulator.Deploy.0 = Release|Any CPU
		{BB1B2B85-F0A1-492B-990F-561FA9D7BCF2}.Ad-Hoc|x64.ActiveCfg = Release|Any CPU
		{BB1B2B85-F0A1-492B-990F-561FA9D7BCF2}.Ad-Hoc|x64.Build.0 = Release|Any CPU
		{BB1B2B85-F0A1-492B-990F-561FA9D7BCF2}.Ad-Hoc|x64.Deploy.0 = Release|Any CPU
		{BB1B2B85-F0A1-492B-990F-561FA9D7BCF2}.Ad-Hoc|x86.ActiveCfg = Release|Any CPU
		{BB1B2B85-F0A1-492B-990F-561FA9D7BCF2}.Ad-Hoc|x86.Build.0 = Release|Any CPU
		{BB1B2B85-F0A1-492B-990F-561FA9D7BCF2}.Ad-Hoc|x86.Deploy.0 = Release|Any CPU
		{BB1B2B85-F0A1-492B-990F-561FA9D7BCF2}.AppStore|Any CPU.ActiveCfg = Release|Any CPU
		{BB1B2B85-F0A1-492B-990F-561FA9D7BCF2}.AppStore|Any CPU.Build.0 = Release|Any CPU
		{BB1B2B85-F0A1-492B-990F-561FA9D7BCF2}.AppStore|Any CPU.Deploy.0 = Release|Any CPU
		{BB1B2B85-F0A1-492B-990F-561FA9D7BCF2}.AppStore|ARM.ActiveCfg = Release|Any CPU
		{BB1B2B85-F0A1-492B-990F-561FA9D7BCF2}.AppStore|ARM.Build.0 = Release|Any CPU
		{BB1B2B85-F0A1-492B-990F-561FA9D7BCF2}.AppStore|ARM.Deploy.0 = Release|Any CPU
		{BB1B2B85-F0A1-492B-990F-561FA9D7BCF2}.AppStore|iPhone.ActiveCfg = Release|Any CPU
		{BB1B2B85-F0A1-492B-990F-561FA9D7BCF2}.AppStore|iPhone.Build.0 = Release|Any CPU
		{BB1B2B85-F0A1-492B-990F-561FA9D7BCF2}.AppStore|iPhone.Deploy.0 = Release|Any CPU
		{BB1B2B85-F0A1-492B-990F-561FA9D7BCF2}.AppStore|iPhoneSimulator.ActiveCfg = Release|Any CPU
		{BB1B2B85-F0A1-492B-990F-561FA9D7BCF2}.AppStore|iPhoneSimulator.Build.0 = Release|Any CPU
		{BB1B2B85-F0A1-492B-990F-561FA9D7BCF2}.AppStore|iPhoneSimulator.Deploy.0 = Release|Any CPU
		{BB1B2B85-F0A1-492B-990F-561FA9D7BCF2}.AppStore|x64.ActiveCfg = Release|Any CPU
		{BB1B2B85-F0A1-492B-990F-561FA9D7BCF2}.AppStore|x64.Build.0 = Release|Any CPU
		{BB1B2B85-F0A1-492B-990F-561FA9D7BCF2}.AppStore|x64.Deploy.0 = Release|Any CPU
		{BB1B2B85-F0A1-492B-990F-561FA9D7BCF2}.AppStore|x86.ActiveCfg = Release|Any CPU
		{BB1B2B85-F0A1-492B-990F-561FA9D7BCF2}.AppStore|x86.Build.0 = Release|Any CPU
		{BB1B2B85-F0A1-492B-990F-561FA9D7BCF2}.AppStore|x86.Deploy.0 = Release|Any CPU
		{BB1B2B85-F0A1-492B-990F-561FA9D7BCF2}.Debug|Any CPU.ActiveCfg = Debug|Any CPU
		{BB1B2B85-F0A1-492B-990F-561FA9D7BCF2}.Debug|Any CPU.Build.0 = Debug|Any CPU
		{BB1B2B85-F0A1-492B-990F-561FA9D7BCF2}.Debug|Any CPU.Deploy.0 = Debug|Any CPU
		{BB1B2B85-F0A1-492B-990F-561FA9D7BCF2}.Debug|ARM.ActiveCfg = Debug|Any CPU
		{BB1B2B85-F0A1-492B-990F-561FA9D7BCF2}.Debug|ARM.Build.0 = Debug|Any CPU
		{BB1B2B85-F0A1-492B-990F-561FA9D7BCF2}.Debug|ARM.Deploy.0 = Debug|Any CPU
		{BB1B2B85-F0A1-492B-990F-561FA9D7BCF2}.Debug|iPhone.ActiveCfg = Debug|Any CPU
		{BB1B2B85-F0A1-492B-990F-561FA9D7BCF2}.Debug|iPhone.Build.0 = Debug|Any CPU
		{BB1B2B85-F0A1-492B-990F-561FA9D7BCF2}.Debug|iPhone.Deploy.0 = Debug|Any CPU
		{BB1B2B85-F0A1-492B-990F-561FA9D7BCF2}.Debug|iPhoneSimulator.ActiveCfg = Debug|Any CPU
		{BB1B2B85-F0A1-492B-990F-561FA9D7BCF2}.Debug|iPhoneSimulator.Build.0 = Debug|Any CPU
		{BB1B2B85-F0A1-492B-990F-561FA9D7BCF2}.Debug|iPhoneSimulator.Deploy.0 = Debug|Any CPU
		{BB1B2B85-F0A1-492B-990F-561FA9D7BCF2}.Debug|x64.ActiveCfg = Debug|Any CPU
		{BB1B2B85-F0A1-492B-990F-561FA9D7BCF2}.Debug|x64.Build.0 = Debug|Any CPU
		{BB1B2B85-F0A1-492B-990F-561FA9D7BCF2}.Debug|x64.Deploy.0 = Debug|Any CPU
		{BB1B2B85-F0A1-492B-990F-561FA9D7BCF2}.Debug|x86.ActiveCfg = Debug|Any CPU
		{BB1B2B85-F0A1-492B-990F-561FA9D7BCF2}.Debug|x86.Build.0 = Debug|Any CPU
		{BB1B2B85-F0A1-492B-990F-561FA9D7BCF2}.Debug|x86.Deploy.0 = Debug|Any CPU
		{BB1B2B85-F0A1-492B-990F-561FA9D7BCF2}.Release|Any CPU.ActiveCfg = Release|Any CPU
		{BB1B2B85-F0A1-492B-990F-561FA9D7BCF2}.Release|Any CPU.Build.0 = Release|Any CPU
		{BB1B2B85-F0A1-492B-990F-561FA9D7BCF2}.Release|Any CPU.Deploy.0 = Release|Any CPU
		{BB1B2B85-F0A1-492B-990F-561FA9D7BCF2}.Release|ARM.ActiveCfg = Release|Any CPU
		{BB1B2B85-F0A1-492B-990F-561FA9D7BCF2}.Release|ARM.Build.0 = Release|Any CPU
		{BB1B2B85-F0A1-492B-990F-561FA9D7BCF2}.Release|ARM.Deploy.0 = Release|Any CPU
		{BB1B2B85-F0A1-492B-990F-561FA9D7BCF2}.Release|iPhone.ActiveCfg = Release|Any CPU
		{BB1B2B85-F0A1-492B-990F-561FA9D7BCF2}.Release|iPhone.Build.0 = Release|Any CPU
		{BB1B2B85-F0A1-492B-990F-561FA9D7BCF2}.Release|iPhone.Deploy.0 = Release|Any CPU
		{BB1B2B85-F0A1-492B-990F-561FA9D7BCF2}.Release|iPhoneSimulator.ActiveCfg = Release|Any CPU
		{BB1B2B85-F0A1-492B-990F-561FA9D7BCF2}.Release|iPhoneSimulator.Build.0 = Release|Any CPU
		{BB1B2B85-F0A1-492B-990F-561FA9D7BCF2}.Release|iPhoneSimulator.Deploy.0 = Release|Any CPU
		{BB1B2B85-F0A1-492B-990F-561FA9D7BCF2}.Release|x64.ActiveCfg = Release|Any CPU
		{BB1B2B85-F0A1-492B-990F-561FA9D7BCF2}.Release|x64.Build.0 = Release|Any CPU
		{BB1B2B85-F0A1-492B-990F-561FA9D7BCF2}.Release|x64.Deploy.0 = Release|Any CPU
		{BB1B2B85-F0A1-492B-990F-561FA9D7BCF2}.Release|x86.ActiveCfg = Release|Any CPU
		{BB1B2B85-F0A1-492B-990F-561FA9D7BCF2}.Release|x86.Build.0 = Release|Any CPU
		{BB1B2B85-F0A1-492B-990F-561FA9D7BCF2}.Release|x86.Deploy.0 = Release|Any CPU
		{149372BC-D4B1-418B-834B-6AAFFBF87B25}.Ad-Hoc|Any CPU.ActiveCfg = Release|Any CPU
		{149372BC-D4B1-418B-834B-6AAFFBF87B25}.Ad-Hoc|Any CPU.Build.0 = Release|Any CPU
		{149372BC-D4B1-418B-834B-6AAFFBF87B25}.Ad-Hoc|ARM.ActiveCfg = Release|Any CPU
		{149372BC-D4B1-418B-834B-6AAFFBF87B25}.Ad-Hoc|ARM.Build.0 = Release|Any CPU
		{149372BC-D4B1-418B-834B-6AAFFBF87B25}.Ad-Hoc|iPhone.ActiveCfg = Release|Any CPU
		{149372BC-D4B1-418B-834B-6AAFFBF87B25}.Ad-Hoc|iPhone.Build.0 = Release|Any CPU
		{149372BC-D4B1-418B-834B-6AAFFBF87B25}.Ad-Hoc|iPhoneSimulator.ActiveCfg = Release|Any CPU
		{149372BC-D4B1-418B-834B-6AAFFBF87B25}.Ad-Hoc|iPhoneSimulator.Build.0 = Release|Any CPU
		{149372BC-D4B1-418B-834B-6AAFFBF87B25}.Ad-Hoc|x64.ActiveCfg = Release|Any CPU
		{149372BC-D4B1-418B-834B-6AAFFBF87B25}.Ad-Hoc|x64.Build.0 = Release|Any CPU
		{149372BC-D4B1-418B-834B-6AAFFBF87B25}.Ad-Hoc|x86.ActiveCfg = Release|Any CPU
		{149372BC-D4B1-418B-834B-6AAFFBF87B25}.Ad-Hoc|x86.Build.0 = Release|Any CPU
		{149372BC-D4B1-418B-834B-6AAFFBF87B25}.AppStore|Any CPU.ActiveCfg = Release|Any CPU
		{149372BC-D4B1-418B-834B-6AAFFBF87B25}.AppStore|Any CPU.Build.0 = Release|Any CPU
		{149372BC-D4B1-418B-834B-6AAFFBF87B25}.AppStore|ARM.ActiveCfg = Release|Any CPU
		{149372BC-D4B1-418B-834B-6AAFFBF87B25}.AppStore|ARM.Build.0 = Release|Any CPU
		{149372BC-D4B1-418B-834B-6AAFFBF87B25}.AppStore|iPhone.ActiveCfg = Release|Any CPU
		{149372BC-D4B1-418B-834B-6AAFFBF87B25}.AppStore|iPhone.Build.0 = Release|Any CPU
		{149372BC-D4B1-418B-834B-6AAFFBF87B25}.AppStore|iPhoneSimulator.ActiveCfg = Release|Any CPU
		{149372BC-D4B1-418B-834B-6AAFFBF87B25}.AppStore|iPhoneSimulator.Build.0 = Release|Any CPU
		{149372BC-D4B1-418B-834B-6AAFFBF87B25}.AppStore|x64.ActiveCfg = Release|Any CPU
		{149372BC-D4B1-418B-834B-6AAFFBF87B25}.AppStore|x64.Build.0 = Release|Any CPU
		{149372BC-D4B1-418B-834B-6AAFFBF87B25}.AppStore|x86.ActiveCfg = Release|Any CPU
		{149372BC-D4B1-418B-834B-6AAFFBF87B25}.AppStore|x86.Build.0 = Release|Any CPU
		{149372BC-D4B1-418B-834B-6AAFFBF87B25}.Debug|Any CPU.ActiveCfg = Debug|Any CPU
		{149372BC-D4B1-418B-834B-6AAFFBF87B25}.Debug|Any CPU.Build.0 = Debug|Any CPU
		{149372BC-D4B1-418B-834B-6AAFFBF87B25}.Debug|ARM.ActiveCfg = Debug|Any CPU
		{149372BC-D4B1-418B-834B-6AAFFBF87B25}.Debug|ARM.Build.0 = Debug|Any CPU
		{149372BC-D4B1-418B-834B-6AAFFBF87B25}.Debug|iPhone.ActiveCfg = Debug|Any CPU
		{149372BC-D4B1-418B-834B-6AAFFBF87B25}.Debug|iPhone.Build.0 = Debug|Any CPU
		{149372BC-D4B1-418B-834B-6AAFFBF87B25}.Debug|iPhoneSimulator.ActiveCfg = Debug|Any CPU
		{149372BC-D4B1-418B-834B-6AAFFBF87B25}.Debug|iPhoneSimulator.Build.0 = Debug|Any CPU
		{149372BC-D4B1-418B-834B-6AAFFBF87B25}.Debug|x64.ActiveCfg = Debug|Any CPU
		{149372BC-D4B1-418B-834B-6AAFFBF87B25}.Debug|x64.Build.0 = Debug|Any CPU
		{149372BC-D4B1-418B-834B-6AAFFBF87B25}.Debug|x86.ActiveCfg = Debug|Any CPU
		{149372BC-D4B1-418B-834B-6AAFFBF87B25}.Debug|x86.Build.0 = Debug|Any CPU
		{149372BC-D4B1-418B-834B-6AAFFBF87B25}.Release|Any CPU.ActiveCfg = Release|Any CPU
		{149372BC-D4B1-418B-834B-6AAFFBF87B25}.Release|Any CPU.Build.0 = Release|Any CPU
		{149372BC-D4B1-418B-834B-6AAFFBF87B25}.Release|ARM.ActiveCfg = Release|Any CPU
		{149372BC-D4B1-418B-834B-6AAFFBF87B25}.Release|ARM.Build.0 = Release|Any CPU
		{149372BC-D4B1-418B-834B-6AAFFBF87B25}.Release|iPhone.ActiveCfg = Release|Any CPU
		{149372BC-D4B1-418B-834B-6AAFFBF87B25}.Release|iPhone.Build.0 = Release|Any CPU
		{149372BC-D4B1-418B-834B-6AAFFBF87B25}.Release|iPhoneSimulator.ActiveCfg = Release|Any CPU
		{149372BC-D4B1-418B-834B-6AAFFBF87B25}.Release|iPhoneSimulator.Build.0 = Release|Any CPU
		{149372BC-D4B1-418B-834B-6AAFFBF87B25}.Release|x64.ActiveCfg = Release|Any CPU
		{149372BC-D4B1-418B-834B-6AAFFBF87B25}.Release|x64.Build.0 = Release|Any CPU
		{149372BC-D4B1-418B-834B-6AAFFBF87B25}.Release|x86.ActiveCfg = Release|Any CPU
		{149372BC-D4B1-418B-834B-6AAFFBF87B25}.Release|x86.Build.0 = Release|Any CPU
		{CC4BEC4A-190C-4789-A923-C0A95EE06949}.Ad-Hoc|Any CPU.ActiveCfg = Release|x86
		{CC4BEC4A-190C-4789-A923-C0A95EE06949}.Ad-Hoc|Any CPU.Build.0 = Release|x86
		{CC4BEC4A-190C-4789-A923-C0A95EE06949}.Ad-Hoc|Any CPU.Deploy.0 = Release|x86
		{CC4BEC4A-190C-4789-A923-C0A95EE06949}.Ad-Hoc|ARM.ActiveCfg = Release|ARM
		{CC4BEC4A-190C-4789-A923-C0A95EE06949}.Ad-Hoc|ARM.Build.0 = Release|ARM
		{CC4BEC4A-190C-4789-A923-C0A95EE06949}.Ad-Hoc|ARM.Deploy.0 = Release|ARM
		{CC4BEC4A-190C-4789-A923-C0A95EE06949}.Ad-Hoc|iPhone.ActiveCfg = Release|x86
		{CC4BEC4A-190C-4789-A923-C0A95EE06949}.Ad-Hoc|iPhone.Build.0 = Release|x86
		{CC4BEC4A-190C-4789-A923-C0A95EE06949}.Ad-Hoc|iPhone.Deploy.0 = Release|x86
		{CC4BEC4A-190C-4789-A923-C0A95EE06949}.Ad-Hoc|iPhoneSimulator.ActiveCfg = Release|x86
		{CC4BEC4A-190C-4789-A923-C0A95EE06949}.Ad-Hoc|iPhoneSimulator.Build.0 = Release|x86
		{CC4BEC4A-190C-4789-A923-C0A95EE06949}.Ad-Hoc|iPhoneSimulator.Deploy.0 = Release|x86
		{CC4BEC4A-190C-4789-A923-C0A95EE06949}.Ad-Hoc|x64.ActiveCfg = Release|x64
		{CC4BEC4A-190C-4789-A923-C0A95EE06949}.Ad-Hoc|x64.Build.0 = Release|x64
		{CC4BEC4A-190C-4789-A923-C0A95EE06949}.Ad-Hoc|x64.Deploy.0 = Release|x64
		{CC4BEC4A-190C-4789-A923-C0A95EE06949}.Ad-Hoc|x86.ActiveCfg = Release|x86
		{CC4BEC4A-190C-4789-A923-C0A95EE06949}.Ad-Hoc|x86.Build.0 = Release|x86
		{CC4BEC4A-190C-4789-A923-C0A95EE06949}.Ad-Hoc|x86.Deploy.0 = Release|x86
		{CC4BEC4A-190C-4789-A923-C0A95EE06949}.AppStore|Any CPU.ActiveCfg = Release|x86
		{CC4BEC4A-190C-4789-A923-C0A95EE06949}.AppStore|Any CPU.Build.0 = Release|x86
		{CC4BEC4A-190C-4789-A923-C0A95EE06949}.AppStore|Any CPU.Deploy.0 = Release|x86
		{CC4BEC4A-190C-4789-A923-C0A95EE06949}.AppStore|ARM.ActiveCfg = Release|ARM
		{CC4BEC4A-190C-4789-A923-C0A95EE06949}.AppStore|ARM.Build.0 = Release|ARM
		{CC4BEC4A-190C-4789-A923-C0A95EE06949}.AppStore|ARM.Deploy.0 = Release|ARM
		{CC4BEC4A-190C-4789-A923-C0A95EE06949}.AppStore|iPhone.ActiveCfg = Release|x86
		{CC4BEC4A-190C-4789-A923-C0A95EE06949}.AppStore|iPhone.Build.0 = Release|x86
		{CC4BEC4A-190C-4789-A923-C0A95EE06949}.AppStore|iPhone.Deploy.0 = Release|x86
		{CC4BEC4A-190C-4789-A923-C0A95EE06949}.AppStore|iPhoneSimulator.ActiveCfg = Release|x86
		{CC4BEC4A-190C-4789-A923-C0A95EE06949}.AppStore|iPhoneSimulator.Build.0 = Release|x86
		{CC4BEC4A-190C-4789-A923-C0A95EE06949}.AppStore|iPhoneSimulator.Deploy.0 = Release|x86
		{CC4BEC4A-190C-4789-A923-C0A95EE06949}.AppStore|x64.ActiveCfg = Release|x64
		{CC4BEC4A-190C-4789-A923-C0A95EE06949}.AppStore|x64.Build.0 = Release|x64
		{CC4BEC4A-190C-4789-A923-C0A95EE06949}.AppStore|x64.Deploy.0 = Release|x64
		{CC4BEC4A-190C-4789-A923-C0A95EE06949}.AppStore|x86.ActiveCfg = Release|x86
		{CC4BEC4A-190C-4789-A923-C0A95EE06949}.AppStore|x86.Build.0 = Release|x86
		{CC4BEC4A-190C-4789-A923-C0A95EE06949}.AppStore|x86.Deploy.0 = Release|x86
		{CC4BEC4A-190C-4789-A923-C0A95EE06949}.Debug|Any CPU.ActiveCfg = Debug|x86
		{CC4BEC4A-190C-4789-A923-C0A95EE06949}.Debug|ARM.ActiveCfg = Debug|ARM
		{CC4BEC4A-190C-4789-A923-C0A95EE06949}.Debug|ARM.Build.0 = Debug|ARM
		{CC4BEC4A-190C-4789-A923-C0A95EE06949}.Debug|ARM.Deploy.0 = Debug|ARM
		{CC4BEC4A-190C-4789-A923-C0A95EE06949}.Debug|iPhone.ActiveCfg = Debug|x86
		{CC4BEC4A-190C-4789-A923-C0A95EE06949}.Debug|iPhoneSimulator.ActiveCfg = Debug|x86
		{CC4BEC4A-190C-4789-A923-C0A95EE06949}.Debug|x64.ActiveCfg = Debug|x64
		{CC4BEC4A-190C-4789-A923-C0A95EE06949}.Debug|x64.Build.0 = Debug|x64
		{CC4BEC4A-190C-4789-A923-C0A95EE06949}.Debug|x64.Deploy.0 = Debug|x64
		{CC4BEC4A-190C-4789-A923-C0A95EE06949}.Debug|x86.ActiveCfg = Debug|x86
		{CC4BEC4A-190C-4789-A923-C0A95EE06949}.Debug|x86.Build.0 = Debug|x86
		{CC4BEC4A-190C-4789-A923-C0A95EE06949}.Debug|x86.Deploy.0 = Debug|x86
		{CC4BEC4A-190C-4789-A923-C0A95EE06949}.Release|Any CPU.ActiveCfg = Release|x86
		{CC4BEC4A-190C-4789-A923-C0A95EE06949}.Release|ARM.ActiveCfg = Release|ARM
		{CC4BEC4A-190C-4789-A923-C0A95EE06949}.Release|ARM.Build.0 = Release|ARM
		{CC4BEC4A-190C-4789-A923-C0A95EE06949}.Release|ARM.Deploy.0 = Release|ARM
		{CC4BEC4A-190C-4789-A923-C0A95EE06949}.Release|iPhone.ActiveCfg = Release|x86
		{CC4BEC4A-190C-4789-A923-C0A95EE06949}.Release|iPhoneSimulator.ActiveCfg = Release|x86
		{CC4BEC4A-190C-4789-A923-C0A95EE06949}.Release|x64.ActiveCfg = Release|x64
		{CC4BEC4A-190C-4789-A923-C0A95EE06949}.Release|x64.Build.0 = Release|x64
		{CC4BEC4A-190C-4789-A923-C0A95EE06949}.Release|x64.Deploy.0 = Release|x64
		{CC4BEC4A-190C-4789-A923-C0A95EE06949}.Release|x86.ActiveCfg = Release|x86
		{CC4BEC4A-190C-4789-A923-C0A95EE06949}.Release|x86.Build.0 = Release|x86
		{CC4BEC4A-190C-4789-A923-C0A95EE06949}.Release|x86.Deploy.0 = Release|x86
		{1E19497A-D5D2-47A9-8888-E9666737AB01}.Ad-Hoc|Any CPU.ActiveCfg = Ad-Hoc|iPhone
		{1E19497A-D5D2-47A9-8888-E9666737AB01}.Ad-Hoc|ARM.ActiveCfg = Ad-Hoc|iPhone
		{1E19497A-D5D2-47A9-8888-E9666737AB01}.Ad-Hoc|iPhone.ActiveCfg = Ad-Hoc|iPhone
		{1E19497A-D5D2-47A9-8888-E9666737AB01}.Ad-Hoc|iPhone.Build.0 = Ad-Hoc|iPhone
		{1E19497A-D5D2-47A9-8888-E9666737AB01}.Ad-Hoc|iPhoneSimulator.ActiveCfg = Ad-Hoc|iPhoneSimulator
		{1E19497A-D5D2-47A9-8888-E9666737AB01}.Ad-Hoc|iPhoneSimulator.Build.0 = Ad-Hoc|iPhoneSimulator
		{1E19497A-D5D2-47A9-8888-E9666737AB01}.Ad-Hoc|x64.ActiveCfg = Ad-Hoc|iPhone
		{1E19497A-D5D2-47A9-8888-E9666737AB01}.Ad-Hoc|x86.ActiveCfg = Ad-Hoc|iPhone
		{1E19497A-D5D2-47A9-8888-E9666737AB01}.AppStore|Any CPU.ActiveCfg = AppStore|iPhone
		{1E19497A-D5D2-47A9-8888-E9666737AB01}.AppStore|ARM.ActiveCfg = AppStore|iPhone
		{1E19497A-D5D2-47A9-8888-E9666737AB01}.AppStore|iPhone.ActiveCfg = AppStore|iPhone
		{1E19497A-D5D2-47A9-8888-E9666737AB01}.AppStore|iPhone.Build.0 = AppStore|iPhone
		{1E19497A-D5D2-47A9-8888-E9666737AB01}.AppStore|iPhoneSimulator.ActiveCfg = AppStore|iPhoneSimulator
		{1E19497A-D5D2-47A9-8888-E9666737AB01}.AppStore|iPhoneSimulator.Build.0 = AppStore|iPhoneSimulator
		{1E19497A-D5D2-47A9-8888-E9666737AB01}.AppStore|x64.ActiveCfg = AppStore|iPhone
		{1E19497A-D5D2-47A9-8888-E9666737AB01}.AppStore|x86.ActiveCfg = AppStore|iPhone
		{1E19497A-D5D2-47A9-8888-E9666737AB01}.Debug|Any CPU.ActiveCfg = Debug|iPhone
		{1E19497A-D5D2-47A9-8888-E9666737AB01}.Debug|ARM.ActiveCfg = Debug|iPhone
		{1E19497A-D5D2-47A9-8888-E9666737AB01}.Debug|iPhone.ActiveCfg = Debug|iPhone
		{1E19497A-D5D2-47A9-8888-E9666737AB01}.Debug|iPhone.Build.0 = Debug|iPhone
		{1E19497A-D5D2-47A9-8888-E9666737AB01}.Debug|iPhoneSimulator.ActiveCfg = Debug|iPhoneSimulator
		{1E19497A-D5D2-47A9-8888-E9666737AB01}.Debug|iPhoneSimulator.Build.0 = Debug|iPhoneSimulator
		{1E19497A-D5D2-47A9-8888-E9666737AB01}.Debug|x64.ActiveCfg = Debug|iPhone
		{1E19497A-D5D2-47A9-8888-E9666737AB01}.Debug|x86.ActiveCfg = Debug|iPhone
		{1E19497A-D5D2-47A9-8888-E9666737AB01}.Release|Any CPU.ActiveCfg = Release|iPhone
		{1E19497A-D5D2-47A9-8888-E9666737AB01}.Release|ARM.ActiveCfg = Release|iPhone
		{1E19497A-D5D2-47A9-8888-E9666737AB01}.Release|iPhone.ActiveCfg = Release|iPhone
		{1E19497A-D5D2-47A9-8888-E9666737AB01}.Release|iPhone.Build.0 = Release|iPhone
		{1E19497A-D5D2-47A9-8888-E9666737AB01}.Release|iPhoneSimulator.ActiveCfg = Release|iPhoneSimulator
		{1E19497A-D5D2-47A9-8888-E9666737AB01}.Release|iPhoneSimulator.Build.0 = Release|iPhoneSimulator
		{1E19497A-D5D2-47A9-8888-E9666737AB01}.Release|x64.ActiveCfg = Release|iPhone
		{1E19497A-D5D2-47A9-8888-E9666737AB01}.Release|x86.ActiveCfg = Release|iPhone
	EndGlobalSection
	GlobalSection(SolutionProperties) = preSolution
		HideSolutionNode = FALSE
	EndGlobalSection
EndGlobal
